
Microsoft Visual Studio Solution File, Format Version 12.00
# Visual Studio Version 16
VisualStudioVersion = 16.0.32106.194
MinimumVisualStudioVersion = 10.0.40219.1
Project("{FAE04EC0-301F-11D3-BF4B-00C04F79EFBC}") = "VRCW_Opener", "VRCW_Opener.csproj", "{A91A46CA-1E9B-4E8E-9DE8-95FF0F9B7778}"
EndProject
Global
	GlobalSection(SolutionConfigurationPlatforms) = preSolution
		Debug|x64 = Debug|x64
		Release|x64 = Release|x64
	EndGlobalSection
	GlobalSection(ProjectConfigurationPlatforms) = postSolution
		{A91A46CA-1E9B-4E8E-9DE8-95FF0F9B7778}.Debug|x64.ActiveCfg = Debug|x64
		{A91A46CA-1E9B-4E8E-9DE8-95FF0F9B7778}.Debug|x64.Build.0 = Debug|x64
		{A91A46CA-1E9B-4E8E-9DE8-95FF0F9B7778}.Release|x64.ActiveCfg = Release|x64
		{A91A46CA-1E9B-4E8E-9DE8-95FF0F9B7778}.Release|x64.Build.0 = Release|x64
	EndGlobalSection
	GlobalSection(SolutionProperties) = preSolution
		HideSolutionNode = FALSE
	EndGlobalSection
	GlobalSection(ExtensibilityGlobals) = postSolution
		SolutionGuid = {C546F147-73D4-4359-B857-B0FDE3CBC5E2}
	EndGlobalSection
EndGlobal
